
Microsoft Visual Studio Solution File, Format Version 12.00
# Visual Studio Version 16
VisualStudioVersion = 16.0.30406.217
MinimumVisualStudioVersion = 10.0.40219.1
Project("{FAE04EC0-301F-11D3-BF4B-00C04F79EFBC}") = "POO", "POO\POO.csproj", "{C199D1D9-7BEA-4952-9711-3DC4C7A35984}"
EndProject
Global
	GlobalSection(SolutionConfigurationPlatforms) = preSolution
		Debug|Any CPU = Debug|Any CPU
		Release|Any CPU = Release|Any CPU
	EndGlobalSection
	GlobalSection(ProjectConfigurationPlatforms) = postSolution
		{C199D1D9-7BEA-4952-9711-3DC4C7A35984}.Debug|Any CPU.ActiveCfg = Debug|Any CPU
		{C199D1D9-7BEA-4952-9711-3DC4C7A35984}.Debug|Any CPU.Build.0 = Debug|Any CPU
		{C199D1D9-7BEA-4952-9711-3DC4C7A35984}.Release|Any CPU.ActiveCfg = Release|Any CPU
		{C199D1D9-7BEA-4952-9711-3DC4C7A35984}.Release|Any CPU.Build.0 = Release|Any CPU
	EndGlobalSection
	GlobalSection(SolutionProperties) = preSolution
		HideSolutionNode = FALSE
	EndGlobalSection
	GlobalSection(ExtensibilityGlobals) = postSolution
		SolutionGuid = {FCC6643D-CA53-4242-8EC4-82C3F9E1F1CA}
	EndGlobalSection
EndGlobal
